
Microsoft Visual Studio Solution File, Format Version 12.00
# Visual Studio Version 17
VisualStudioVersion = 17.13.35931.197 d17.13
MinimumVisualStudioVersion = 10.0.40219.1
Project("{FAE04EC0-301F-11D3-BF4B-00C04F79EFBC}") = "DotNetDSA", "DotNetDSA\DotNetDSA.csproj", "{7C76C2C5-232F-42FF-B7BE-C270DCEC41F1}"
EndProject
Global
	GlobalSection(SolutionConfigurationPlatforms) = preSolution
		Debug|Any CPU = Debug|Any CPU
		Release|Any CPU = Release|Any CPU
	EndGlobalSection
	GlobalSection(ProjectConfigurationPlatforms) = postSolution
		{7C76C2C5-232F-42FF-B7BE-C270DCEC41F1}.Debug|Any CPU.ActiveCfg = Debug|Any CPU
		{7C76C2C5-232F-42FF-B7BE-C270DCEC41F1}.Debug|Any CPU.Build.0 = Debug|Any CPU
		{7C76C2C5-232F-42FF-B7BE-C270DCEC41F1}.Release|Any CPU.ActiveCfg = Release|Any CPU
		{7C76C2C5-232F-42FF-B7BE-C270DCEC41F1}.Release|Any CPU.Build.0 = Release|Any CPU
	EndGlobalSection
	GlobalSection(SolutionProperties) = preSolution
		HideSolutionNode = FALSE
	EndGlobalSection
	GlobalSection(ExtensibilityGlobals) = postSolution
		SolutionGuid = {F38442CA-9DD7-4A8C-A8D3-44C7F4571173}
	EndGlobalSection
EndGlobal
